
Microsoft Visual Studio Solution File, Format Version 12.00
# Visual Studio 2012
Project("{FAE04EC0-301F-11D3-BF4B-00C04F79EFBC}") = "RedmineUpdate", "WindowsFormsApplication1\RedmineUpdate.csproj", "{28E2014A-567C-4C71-8223-92835DC1E6EC}"
EndProject
Global
	GlobalSection(SolutionConfigurationPlatforms) = preSolution
		Debug|Any CPU = Debug|Any CPU
		Release|Any CPU = Release|Any CPU
	EndGlobalSection
	GlobalSection(ProjectConfigurationPlatforms) = postSolution
		{28E2014A-567C-4C71-8223-92835DC1E6EC}.Debug|Any CPU.ActiveCfg = Debug|Any CPU
		{28E2014A-567C-4C71-8223-92835DC1E6EC}.Debug|Any CPU.Build.0 = Debug|Any CPU
		{28E2014A-567C-4C71-8223-92835DC1E6EC}.Release|Any CPU.ActiveCfg = Release|Any CPU
		{28E2014A-567C-4C71-8223-92835DC1E6EC}.Release|Any CPU.Build.0 = Release|Any CPU
	EndGlobalSection
	GlobalSection(SolutionProperties) = preSolution
		HideSolutionNode = FALSE
	EndGlobalSection
EndGlobal
